
Microsoft Visual Studio Solution File, Format Version 12.00
# Visual Studio Version 16
VisualStudioVersion = 16.0.30002.166
MinimumVisualStudioVersion = 10.0.40219.1
Project("{8BC9CEB8-8B4A-11D0-8D11-00A0C91BC942}") = "C++Project", "C++Project\C++Project.vcxproj", "{89FB9231-69E0-4C99-913A-89B848DC8CF9}"
EndProject
Global
	GlobalSection(SolutionConfigurationPlatforms) = preSolution
		Debug|x64 = Debug|x64
		Debug|x86 = Debug|x86
		Release|x64 = Release|x64
		Release|x86 = Release|x86
	EndGlobalSection
	GlobalSection(ProjectConfigurationPlatforms) = postSolution
		{89FB9231-69E0-4C99-913A-89B848DC8CF9}.Debug|x64.ActiveCfg = Debug|x64
		{89FB9231-69E0-4C99-913A-89B848DC8CF9}.Debug|x64.Build.0 = Debug|x64
		{89FB9231-69E0-4C99-913A-89B848DC8CF9}.Debug|x86.ActiveCfg = Debug|Win32
		{89FB9231-69E0-4C99-913A-89B848DC8CF9}.Debug|x86.Build.0 = Debug|Win32
		{89FB9231-69E0-4C99-913A-89B848DC8CF9}.Release|x64.ActiveCfg = Release|x64
		{89FB9231-69E0-4C99-913A-89B848DC8CF9}.Release|x64.Build.0 = Release|x64
		{89FB9231-69E0-4C99-913A-89B848DC8CF9}.Release|x86.ActiveCfg = Release|Win32
		{89FB9231-69E0-4C99-913A-89B848DC8CF9}.Release|x86.Build.0 = Release|Win32
	EndGlobalSection
	GlobalSection(SolutionProperties) = preSolution
		HideSolutionNode = FALSE
	EndGlobalSection
	GlobalSection(ExtensibilityGlobals) = postSolution
		SolutionGuid = {D195461A-0E34-492C-87F2-FB2315923BEF}
	EndGlobalSection
EndGlobal
